
Microsoft Visual Studio Solution File, Format Version 12.00
# Visual Studio 15
VisualStudioVersion = 15.0.27004.2005
MinimumVisualStudioVersion = 10.0.40219.1
Project("{FAE04EC0-301F-11D3-BF4B-00C04F79EFBC}") = "DomainColoring", "DomainColoring\DomainColoring.csproj", "{FBCEA1AB-2FB5-4356-8B6D-7A23EF4FEBAB}"
EndProject
Global
	GlobalSection(SolutionConfigurationPlatforms) = preSolution
		Debug|Any CPU = Debug|Any CPU
		Release|Any CPU = Release|Any CPU
	EndGlobalSection
	GlobalSection(ProjectConfigurationPlatforms) = postSolution
		{FBCEA1AB-2FB5-4356-8B6D-7A23EF4FEBAB}.Debug|Any CPU.ActiveCfg = Debug|Any CPU
		{FBCEA1AB-2FB5-4356-8B6D-7A23EF4FEBAB}.Debug|Any CPU.Build.0 = Debug|Any CPU
		{FBCEA1AB-2FB5-4356-8B6D-7A23EF4FEBAB}.Release|Any CPU.ActiveCfg = Release|Any CPU
		{FBCEA1AB-2FB5-4356-8B6D-7A23EF4FEBAB}.Release|Any CPU.Build.0 = Release|Any CPU
	EndGlobalSection
	GlobalSection(SolutionProperties) = preSolution
		HideSolutionNode = FALSE
	EndGlobalSection
	GlobalSection(ExtensibilityGlobals) = postSolution
		SolutionGuid = {B190D49D-860A-4E57-81F6-3337E4E3392B}
	EndGlobalSection
EndGlobal
